
Microsoft Visual Studio Solution File, Format Version 12.00
# Visual Studio Version 17
VisualStudioVersion = 17.4.33205.214
MinimumVisualStudioVersion = 10.0.40219.1
Project("{FAE04EC0-301F-11D3-BF4B-00C04F79EFBC}") = "adonet", "AddNet\adonet.csproj", "{0A34A7E0-7CDE-4E47-B1AE-FB132A390947}"
EndProject
Global
	GlobalSection(SolutionConfigurationPlatforms) = preSolution
		Debug|Any CPU = Debug|Any CPU
		Release|Any CPU = Release|Any CPU
	EndGlobalSection
	GlobalSection(ProjectConfigurationPlatforms) = postSolution
		{0A34A7E0-7CDE-4E47-B1AE-FB132A390947}.Debug|Any CPU.ActiveCfg = Debug|Any CPU
		{0A34A7E0-7CDE-4E47-B1AE-FB132A390947}.Debug|Any CPU.Build.0 = Debug|Any CPU
		{0A34A7E0-7CDE-4E47-B1AE-FB132A390947}.Release|Any CPU.ActiveCfg = Release|Any CPU
		{0A34A7E0-7CDE-4E47-B1AE-FB132A390947}.Release|Any CPU.Build.0 = Release|Any CPU
	EndGlobalSection
	GlobalSection(SolutionProperties) = preSolution
		HideSolutionNode = FALSE
	EndGlobalSection
	GlobalSection(ExtensibilityGlobals) = postSolution
		SolutionGuid = {55C6A4AD-CC86-493E-8663-B32CC628659F}
	EndGlobalSection
EndGlobal
